# This file is automatically @generated by Poetry 1.7.1 and should not be changed by hand.

[[package]]
name = "vision-ai-base"
version = "0.1.0"
description = "Example shared library"
optional = false
python-versions = "^3.11"
files = []
develop = true

[package.source]
type = "directory"
url = "../../libs/base"

[metadata]
lock-version = "2.0"
python-versions = "^3.11"
content-hash = "11b80a13085e89955131bcd6b05fb3b96a57cc25031f3c79fabf392814ed4786"
